
Microsoft Visual Studio Solution File, Format Version 12.00
# Visual Studio Version 17
VisualStudioVersion = 17.6.33723.286
MinimumVisualStudioVersion = 10.0.40219.1
Project("{8BC9CEB8-8B4A-11D0-8D11-00A0C91BC942}") = "gl hehehehe", "gl hehehehe.vcxproj", "{EF62482D-4534-4B81-9015-D6A28097DC51}"
EndProject
Global
	GlobalSection(SolutionConfigurationPlatforms) = preSolution
		Debug|x64 = Debug|x64
		Debug|x86 = Debug|x86
		Release|x64 = Release|x64
		Release|x86 = Release|x86
	EndGlobalSection
	GlobalSection(ProjectConfigurationPlatforms) = postSolution
		{EF62482D-4534-4B81-9015-D6A28097DC51}.Debug|x64.ActiveCfg = Debug|x64
		{EF62482D-4534-4B81-9015-D6A28097DC51}.Debug|x64.Build.0 = Debug|x64
		{EF62482D-4534-4B81-9015-D6A28097DC51}.Debug|x86.ActiveCfg = Debug|Win32
		{EF62482D-4534-4B81-9015-D6A28097DC51}.Debug|x86.Build.0 = Debug|Win32
		{EF62482D-4534-4B81-9015-D6A28097DC51}.Release|x64.ActiveCfg = Release|x64
		{EF62482D-4534-4B81-9015-D6A28097DC51}.Release|x64.Build.0 = Release|x64
		{EF62482D-4534-4B81-9015-D6A28097DC51}.Release|x86.ActiveCfg = Release|Win32
		{EF62482D-4534-4B81-9015-D6A28097DC51}.Release|x86.Build.0 = Release|Win32
	EndGlobalSection
	GlobalSection(SolutionProperties) = preSolution
		HideSolutionNode = FALSE
	EndGlobalSection
	GlobalSection(ExtensibilityGlobals) = postSolution
		SolutionGuid = {6C07702F-1D64-467B-B777-B7A20174CCA0}
	EndGlobalSection
EndGlobal
